#!r6rs ; -*- mode: scheme; coding: utf-8 -*-
;; This file is automatically generated - do not change it by hand.
(import (akku format lockfile))
(projects
  ((name (slib alist))
    (location
      (url "http://snow-fort.org/s/peterlane.info/peter/slib/alist/SLIB-3b5-r7rs/slib-alist-SLIB-3b5-r7rs.tgz"))
    (content
      (sha256
        "09a4b313597abc146f89c8bc836e9c00f30c4ccca8562b526f3bad995cbac0cc")))
  ((name (slib queue))
    (location
      (url "http://snow-fort.org/s/peterlane.info/peter/slib/queue/SLIB-3b5-r7rs/slib-queue-SLIB-3b5-r7rs.tgz"))
    (content
      (sha256
        "a0d035502d72b9c8ac5ee23a2445cf94a312408be11e009d52b22b43904631f4")))
  ((name "akku-r7rs")
    (location
      (url "https://archive.akkuscm.org/archive/pkg/a/akku-r7rs_1.0.1_repack.tar.xz"))
    (content
      (sha256
        "dedce2bc5eda6735aa5880741802a5b508b49c3b327d14b40e9fecbdf86353db")))
  ((name "laesare")
    (location
      (url "https://archive.akkuscm.org/archive/pkg/l/laesare_1.0.0_repack.tar.xz"))
    (content
      (sha256
        "bd9c6cf5dabc9fc961094e0bf3f7339b7ad13902cb80a1e62377d57991548d7b")))
  ((name "ufo-match")
    (location
      (url "https://archive.akkuscm.org/archive/pkg/u/ufo-match_1.0.0-alpha.0_repack.tar.xz"))
    (content
      (sha256
        "b7c1ef1a68d8f0175d3582d87f50d8f5de508b554e5afa9ff6e4a5dfaca197d7")))
  ((name "ufo-thread-pool")
    (location
      (url "https://archive.akkuscm.org/archive/pkg/u/ufo-thread-pool_1.0.1_repack.tar.xz"))
    (content
      (sha256
        "7fc0659b2de265e505ba30b7aa1a1563c6f86ae8590f57571b2de5e214ced66a")))
  ((name "arew-json")
    (location
      (url "https://archive.akkuscm.org/archive/pkg/a/arew-json_1.0.0-alpha.0_repack.tar.xz"))
    (content
      (sha256
        "d7546a44797d6eb3cc2d38a13478224172aead699200cdd4d1d61750096c5823")))
  ((name (slib string-search))
    (location
      (url "http://snow-fort.org/s/peterlane.info/peter/slib/string-search/SLIB-3b5-r7rs/slib-string-search-SLIB-3b5-r7rs.tgz"))
    (content
      (sha256
        "b32f539326abebc0ac8169a2dd1085944ce244ae8e29eee9ae79c6a886662d7c")))
  ((name "chez-srfi")
    (location
      (url "https://archive.akkuscm.org/archive/pkg/c/chez-srfi_0.0.0-akku.209.552cd37_repack.tar.xz"))
    (content
      (sha256
        "f0f620f24a4765b85d3157b670e319d6cd30240bfc78f812af1f04cf6f8804e6"))))
