#!r6rs ; -*- mode: scheme; coding: utf-8 -*-
;; This file is automatically generated - do not change it by hand.
(import (akku format lockfile))
(projects
  ((name (chibi diff))
    (location
      (url "http://snow-fort.org/s/gmail.com/alexshinn/chibi/diff/0.9.1.3/chibi-diff-0.9.1.3.tgz"))
    (content
      (sha256
        "07b62a03d280924f0bd42ca6375c752884a480779984dd7e9889e150f892fbac")))
  ((name (chibi optional))
    (location
      (url "http://snow-fort.org/s/gmail.com/alexshinn/chibi/optional/0.9.1.3/chibi-optional-0.9.1.3.tgz"))
    (content
      (sha256
        "30b58c0bbecbe37560fc24086417d2ab908536b74d8775670da55f1eb6971e9c")))
  ((name (chibi string))
    (location
      (url "http://snow-fort.org/s/gmail.com/alexshinn/chibi/string/0.9.0/chibi-string-0.9.0.tgz"))
    (content
      (sha256
        "86a73c53b2e7a4e1201ff10115a5488890993c0020051b3abe0fc785a077ec11")))
  ((name (chibi term ansi))
    (location
      (url "http://snow-fort.org/s/gmail.com/alexshinn/chibi/term/ansi/0.9.0/chibi-term-ansi-0.9.0.tgz"))
    (content
      (sha256
        "805e33d6b87c6d54337bf0c89002f13c323e6d836291d2e88a252140d1552599")))
  ((name (chibi test))
    (location
      (url "http://snow-fort.org/s/gmail.com/alexshinn/chibi/test/0.9.0/chibi-test-0.9.0.tgz"))
    (content
      (sha256
        "86997714be7fb6ade1b094d91727f9c9becd9051a41d1703986643d1ed09865d")))
  ((name (slib alist))
    (location
      (url "http://snow-fort.org/s/peterlane.info/peter/slib/alist/SLIB-3b5-r7rs/slib-alist-SLIB-3b5-r7rs.tgz"))
    (content
      (sha256
        "09a4b313597abc146f89c8bc836e9c00f30c4ccca8562b526f3bad995cbac0cc")))
  ((name (slib queue))
    (location
      (url "http://snow-fort.org/s/peterlane.info/peter/slib/queue/SLIB-3b5-r7rs/slib-queue-SLIB-3b5-r7rs.tgz"))
    (content
      (sha256
        "a0d035502d72b9c8ac5ee23a2445cf94a312408be11e009d52b22b43904631f4")))
  ((name "akku-r7rs")
    (location
      (url "https://archive.akkuscm.org/archive/pkg/a/akku-r7rs_1.0.1_repack.tar.xz"))
    (content
      (sha256
        "dedce2bc5eda6735aa5880741802a5b508b49c3b327d14b40e9fecbdf86353db")))
  ((name "laesare")
    (location
      (url "https://archive.akkuscm.org/archive/pkg/l/laesare_1.0.1_repack.tar.xz"))
    (content
      (sha256
        "dffb043bfdbe3bcd42ad0475a61338eec4fd1b1e68bcce17c30d6e6605f2d632")))
  ((name "ufo-threaded-function")
    (location
      (url "https://archive.akkuscm.org/archive/pkg/u/ufo-threaded-function_1.0.2_repack.tar.xz"))
    (content
      (sha256
        "64614e094a04ed26fcff845691c73d5b1680fd2b0207a4aa49eb19b30ef3b8cb")))
  ((name (chibi pathname))
    (location
      (url "http://snow-fort.org/s/gmail.com/alexshinn/chibi/pathname/0.9.0/chibi-pathname-0.9.0.tgz"))
    (content
      (sha256
        "424aa360577d7cac0ceb4e7e6cbf8943ffe958870338d5b0fef1c22789a07186")))
  ((name "ufo-match")
    (location
      (url "https://archive.akkuscm.org/archive/pkg/u/ufo-match_1.0.0_repack.tar.xz"))
    (content
      (sha256
        "3200ebeb66a1b030ba244ee048c1ed7c6a256d6f091129a362ef1af53de16383")))
  ((name "ufo-thread-pool")
    (location
      (url "https://archive.akkuscm.org/archive/pkg/u/ufo-thread-pool_1.0.1_repack.tar.xz"))
    (content
      (sha256
        "7fc0659b2de265e505ba30b7aa1a1563c6f86ae8590f57571b2de5e214ced66a")))
  ((name "arew-json")
    (location
      (url "https://archive.akkuscm.org/archive/pkg/a/arew-json_1.0.0-alpha.0_repack.tar.xz"))
    (content
      (sha256
        "d7546a44797d6eb3cc2d38a13478224172aead699200cdd4d1d61750096c5823")))
  ((name (slib string-search))
    (location
      (url "http://snow-fort.org/s/peterlane.info/peter/slib/string-search/SLIB-3b5-r7rs/slib-string-search-SLIB-3b5-r7rs.tgz"))
    (content
      (sha256
        "b32f539326abebc0ac8169a2dd1085944ce244ae8e29eee9ae79c6a886662d7c")))
  ((name "chez-srfi")
    (location
      (url "https://archive.akkuscm.org/archive/pkg/c/chez-srfi_0.0.0-akku.209.552cd37_repack.tar.xz"))
    (content
      (sha256
        "f0f620f24a4765b85d3157b670e319d6cd30240bfc78f812af1f04cf6f8804e6"))))
